// !$*UTF8*$!
{
	archiveVersion = 1;
	classes = {
	};
	objectVersion = 51;
	objects = {

/* Begin PBXBuildFile section */
		3D433B4F58FB2A49D2698AB9 /* Pods_Covid_Tracker.framework in Frameworks */ = {isa = PBXBuildFile; fileRef = 663ED63062E0DCCC72BD71F8 /* Pods_Covid_Tracker.framework */; };
		4D68EFD6249F2AF700830C2F /* CovidFetchRequest.swift in Sources */ = {isa = PBXBuildFile; fileRef = 4D68EFD5249F2AF700830C2F /* CovidFetchRequest.swift */; };
		4D68EFD8249F2EF800830C2F /* Model.swift in Sources */ = {isa = PBXBuildFile; fileRef = 4D68EFD7249F2EF800830C2F /* Model.swift */; };
		4D68F6AF249F289800597F7F /* AppDelegate.swift in Sources */ = {isa = PBXBuildFile; fileRef = 4D68F6AE249F289800597F7F /* AppDelegate.swift */; };
		4D68F6B1249F289800597F7F /* SceneDelegate.swift in Sources */ = {isa = PBXBuildFile; fileRef = 4D68F6B0249F289800597F7F /* SceneDelegate.swift */; };
		4D68F6B4249F289800597F7F /* Covid_Tracker.xcdatamodeld in Sources */ = {isa = PBXBuildFile; fileRef = 4D68F6B2249F289800597F7F /* Covid_Tracker.xcdatamodeld */; };
		4D68F6B6249F289800597F7F /* ContentView.swift in Sources */ = {isa = PBXBuildFile; fileRef = 4D68F6B5249F289800597F7F /* ContentView.swift */; };
		4D68F6B8249F289B00597F7F /* Assets.xcassets in Resources */ = {isa = PBXBuildFile; fileRef = 4D68F6B7249F289B00597F7F /* Assets.xcassets */; };
		4D68F6BB249F289B00597F7F /* Preview Assets.xcassets in Resources */ = {isa = PBXBuildFile; fileRef = 4D68F6BA249F289B00597F7F /* Preview Assets.xcassets */; };
		4D68F6BE249F289B00597F7F /* LaunchScreen.storyboard in Resources */ = {isa = PBXBuildFile; fileRef = 4D68F6BC249F289B00597F7F /* LaunchScreen.storyboard */; };
/* End PBXBuildFile section */

/* Begin PBXFileReference section */
		4D68EFD5249F2AF700830C2F /* CovidFetchRequest.swift */ = {isa = PBXFileReference; lastKnownFileType = sourcecode.swift; path = CovidFetchRequest.swift; sourceTree = "<group>"; };
		4D68EFD7249F2EF800830C2F /* Model.swift */ = {isa = PBXFileReference; lastKnownFileType = sourcecode.swift; path = Model.swift; sourceTree = "<group>"; };
		4D68F6AB249F289800597F7F /* Covid Tracker.app */ = {isa = PBXFileReference; explicitFileType = wrapper.application; includeInIndex = 0; path = "Covid Tracker.app"; sourceTree = BUILT_PRODUCTS_DIR; };
		4D68F6AE249F289800597F7F /* AppDelegate.swift */ = {isa = PBXFileReference; lastKnownFileType = sourcecode.swift; path = AppDelegate.swift; sourceTree = "<group>"; };
		4D68F6B0249F289800597F7F /* SceneDelegate.swift */ = {isa = PBXFileReference; lastKnownFileType = sourcecode.swift; path = SceneDelegate.swift; sourceTree = "<group>"; };
		4D68F6B3249F289800597F7F /* Covid_Tracker.xcdatamodel */ = {isa = PBXFileReference; lastKnownFileType = wrapper.xcdatamodel; path = Covid_Tracker.xcdatamodel; sourceTree = "<group>"; };
		4D68F6B5249F289800597F7F /* ContentView.swift */ = {isa = PBXFileReference; lastKnownFileType = sourcecode.swift; path = ContentView.swift; sourceTree = "<group>"; };
		4D68F6B7249F289B00597F7F /* Assets.xcassets */ = {isa = PBXFileReference; lastKnownFileType = folder.assetcatalog; path = Assets.xcassets; sourceTree = "<group>"; };
		4D68F6BA249F289B00597F7F /* Preview Assets.xcassets */ = {isa = PBXFileReference; lastKnownFileType = folder.assetcatalog; path = "Preview Assets.xcassets"; sourceTree = "<group>"; };
		4D68F6BD249F289B00597F7F /* Base */ = {isa = PBXFileReference; lastKnownFileType = file.storyboard; name = Base; path = Base.lproj/LaunchScreen.storyboard; sourceTree = "<group>"; };
		4D68F6BF249F289B00597F7F /* Info.plist */ = {isa = PBXFileReference; lastKnownFileType = text.plist.xml; path = Info.plist; sourceTree = "<group>"; };
		663ED63062E0DCCC72BD71F8 /* Pods_Covid_Tracker.framework */ = {isa = PBXFileReference; explicitFileType = wrapper.framework; includeInIndex = 0; path = Pods_Covid_Tracker.framework; sourceTree = BUILT_PRODUCTS_DIR; };
		93238506A97AB7C170C1E9E9 /* Pods-Covid Tracker.debug.xcconfig */ = {isa = PBXFileReference; includeInIndex = 1; lastKnownFileType = text.xcconfig; name = "Pods-Covid Tracker.debug.xcconfig"; path = "Target Support Files/Pods-Covid Tracker/Pods-Covid Tracker.debug.xcconfig"; sourceTree = "<group>"; };
		E5B60B4DEF2ED3E3C59B5D6A /* Pods-Covid Tracker.release.xcconfig */ = {isa = PBXFileReference; includeInIndex = 1; lastKnownFileType = text.xcconfig; name = "Pods-Covid Tracker.release.xcconfig"; path = "Target Support Files/Pods-Covid Tracker/Pods-Covid Tracker.release.xcconfig"; sourceTree = "<group>"; };
/* End PBXFileReference section */

/* Begin PBXFrameworksBuildPhase section */
		4D68F6A8249F289800597F7F /* Frameworks */ = {
			isa = PBXFrameworksBuildPhase;
			buildActionMask = 2147483647;
			files = (
				3D433B4F58FB2A49D2698AB9 /* Pods_Covid_Tracker.framework in Frameworks */,
			);
			runOnlyForDeploymentPostprocessing = 0;
		};
/* End PBXFrameworksBuildPhase section */

/* Begin PBXGroup section */
		32098907F3D0E9D0AE7BB54C /* Frameworks */ = {
			isa = PBXGroup;
			children = (
				663ED63062E0DCCC72BD71F8 /* Pods_Covid_Tracker.framework */,
			);
			name = Frameworks;
			sourceTree = "<group>";
		};
		4D68EFF9249F31A900830C2F /* Model */ = {
			isa = PBXGroup;
			children = (
				4D68EFD7249F2EF800830C2F /* Model.swift */,
			);
			path = Model;
			sourceTree = "<group>";
		};
		4D68EFFA249F31B800830C2F /* View */ = {
			isa = PBXGroup;
			children = (
			);
			path = View;
			sourceTree = "<group>";
		};
		4D68EFFB249F31C200830C2F /* ViewModel */ = {
			isa = PBXGroup;
			children = (
			);
			path = ViewModel;
			sourceTree = "<group>";
		};
		4D68F6A2249F289800597F7F = {
			isa = PBXGroup;
			children = (
				4D68F6AD249F289800597F7F /* Covid Tracker */,
				4D68F6AC249F289800597F7F /* Products */,
				C8BED8E24EF6B012AB57B121 /* Pods */,
				32098907F3D0E9D0AE7BB54C /* Frameworks */,
			);
			sourceTree = "<group>";
		};
		4D68F6AC249F289800597F7F /* Products */ = {
			isa = PBXGroup;
			children = (
				4D68F6AB249F289800597F7F /* Covid Tracker.app */,
			);
			name = Products;
			sourceTree = "<group>";
		};
		4D68F6AD249F289800597F7F /* Covid Tracker */ = {
			isa = PBXGroup;
			children = (
				4D68EFFB249F31C200830C2F /* ViewModel */,
				4D68EFFA249F31B800830C2F /* View */,
				4D68EFF9249F31A900830C2F /* Model */,
				4D68F6AE249F289800597F7F /* AppDelegate.swift */,
				4D68F6B0249F289800597F7F /* SceneDelegate.swift */,
				4D68F6B5249F289800597F7F /* ContentView.swift */,
				4D68EFD5249F2AF700830C2F /* CovidFetchRequest.swift */,
				4D68F6B7249F289B00597F7F /* Assets.xcassets */,
				4D68F6BC249F289B00597F7F /* LaunchScreen.storyboard */,
				4D68F6BF249F289B00597F7F /* Info.plist */,
				4D68F6B2249F289800597F7F /* Covid_Tracker.xcdatamodeld */,
				4D68F6B9249F289B00597F7F /* Preview Content */,
			);
			path = "Covid Tracker";
			sourceTree = "<group>";
		};
		4D68F6B9249F289B00597F7F /* Preview Content */ = {
			isa = PBXGroup;
			children = (
				4D68F6BA249F289B00597F7F /* Preview Assets.xcassets */,
			);
			path = "Preview Content";
			sourceTree = "<group>";
		};
		C8BED8E24EF6B012AB57B121 /* Pods */ = {
			isa = PBXGroup;
			children = (
				93238506A97AB7C170C1E9E9 /* Pods-Covid Tracker.debug.xcconfig */,
				E5B60B4DEF2ED3E3C59B5D6A /* Pods-Covid Tracker.release.xcconfig */,
			);
			path = Pods;
			sourceTree = "<group>";
		};
/* End PBXGroup section */

/* Begin PBXNativeTarget section */
		4D68F6AA249F289800597F7F /* Covid Tracker */ = {
			isa = PBXNativeTarget;
			buildConfigurationList = 4D68F6C2249F289B00597F7F /* Build configuration list for PBXNativeTarget "Covid Tracker" */;
			buildPhases = (
				3338E3925BF5B11318D63C92 /* [CP] Check Pods Manifest.lock */,
				4D68F6A7249F289800597F7F /* Sources */,
				4D68F6A8249F289800597F7F /* Frameworks */,
				4D68F6A9249F289800597F7F /* Resources */,
				435ED55D9B13823DA27E28DF /* [CP] Embed Pods Frameworks */,
			);
			buildRules = (
			);
			dependencies = (
			);
			name = "Covid Tracker";
			productName = "Covid Tracker";
			productReference = 4D68F6AB249F289800597F7F /* Covid Tracker.app */;
			productType = "com.apple.product-type.application";
		};
/* End PBXNativeTarget section */

/* Begin PBXProject section */
		4D68F6A3249F289800597F7F /* Project object */ = {
			isa = PBXProject;
			attributes = {
				LastSwiftUpdateCheck = 1150;
				LastUpgradeCheck = 1150;
				ORGANIZATIONNAME = "Argenis De La Rosa";
				TargetAttributes = {
					4D68F6AA249F289800597F7F = {
						CreatedOnToolsVersion = 11.5;
					};
				};
			};
			buildConfigurationList = 4D68F6A6249F289800597F7F /* Build configuration list for PBXProject "Covid Tracker" */;
			compatibilityVersion = "Xcode 9.3";
			developmentRegion = en;
			hasScannedForEncodings = 0;
			knownRegions = (
				en,
				Base,
			);
			mainGroup = 4D68F6A2249F289800597F7F;
			productRefGroup = 4D68F6AC249F289800597F7F /* Products */;
			projectDirPath = "";
			projectRoot = "";
			targets = (
				4D68F6AA249F289800597F7F /* Covid Tracker */,
			);
		};
/* End PBXProject section */

/* Begin PBXResourcesBuildPhase section */
		4D68F6A9249F289800597F7F /* Resources */ = {
			isa = PBXResourcesBuildPhase;
			buildActionMask = 2147483647;
			files = (
				4D68F6BE249F289B00597F7F /* LaunchScreen.storyboard in Resources */,
				4D68F6BB249F289B00597F7F /* Preview Assets.xcassets in Resources */,
				4D68F6B8249F289B00597F7F /* Assets.xcassets in Resources */,
			);
			runOnlyForDeploymentPostprocessing = 0;
		};
/* End PBXResourcesBuildPhase section */

/* Begin PBXShellScriptBuildPhase section */
		3338E3925BF5B11318D63C92 /* [CP] Check Pods Manifest.lock */ = {
			isa = PBXShellScriptBuildPhase;
			buildActionMask = 2147483647;
			files = (
			);
			inputFileListPaths = (
			);
			inputPaths = (
				"${PODS_PODFILE_DIR_PATH}/Podfile.lock",
				"${PODS_ROOT}/Manifest.lock",
			);
			name = "[CP] Check Pods Manifest.lock";
			outputFileListPaths = (
			);
			outputPaths = (
				"$(DERIVED_FILE_DIR)/Pods-Covid Tracker-checkManifestLockResult.txt",
			);
			runOnlyForDeploymentPostprocessing = 0;
			shellPath = /bin/sh;
			shellScript = "diff \"${PODS_PODFILE_DIR_PATH}/Podfile.lock\" \"${PODS_ROOT}/Manifest.lock\" > /dev/null\nif [ $? != 0 ] ; then\n    # print error to STDERR\n    echo \"error: The sandbox is not in sync with the Podfile.lock. Run 'pod install' or update your CocoaPods installation.\" >&2\n    exit 1\nfi\n# This output is used by Xcode 'outputs' to avoid re-running this script phase.\necho \"SUCCESS\" > \"${SCRIPT_OUTPUT_FILE_0}\"\n";
			showEnvVarsInLog = 0;
		};
		435ED55D9B13823DA27E28DF /* [CP] Embed Pods Frameworks */ = {
			isa = PBXShellScriptBuildPhase;
			buildActionMask = 2147483647;
			files = (
			);
			inputFileListPaths = (
				"${PODS_ROOT}/Target Support Files/Pods-Covid Tracker/Pods-Covid Tracker-frameworks-${CONFIGURATION}-input-files.xcfilelist",
			);
			name = "[CP] Embed Pods Frameworks";
			outputFileListPaths = (
				"${PODS_ROOT}/Target Support Files/Pods-Covid Tracker/Pods-Covid Tracker-frameworks-${CONFIGURATION}-output-files.xcfilelist",
			);
			runOnlyForDeploymentPostprocessing = 0;
			shellPath = /bin/sh;
			shellScript = "\"${PODS_ROOT}/Target Support Files/Pods-Covid Tracker/Pods-Covid Tracker-frameworks.sh\"\n";
			showEnvVarsInLog = 0;
		};
/* End PBXShellScriptBuildPhase section */

/* Begin PBXSourcesBuildPhase section */
		4D68F6A7249F289800597F7F /* Sources */ = {
			isa = PBXSourcesBuildPhase;
			buildActionMask = 2147483647;
			files = (
				4D68EFD6249F2AF700830C2F /* CovidFetchRequest.swift in Sources */,
				4D68F6AF249F289800597F7F /* AppDelegate.swift in Sources */,
				4D68F6B4249F289800597F7F /* Covid_Tracker.xcdatamodeld in Sources */,
				4D68EFD8249F2EF800830C2F /* Model.swift in Sources */,
				4D68F6B6249F289800597F7F /* ContentView.swift in Sources */,
				4D68F6B1249F289800597F7F /* SceneDelegate.swift in Sources */,
			);
			runOnlyForDeploymentPostprocessing = 0;
		};
/* End PBXSourcesBuildPhase section */

/* Begin PBXVariantGroup section */
		4D68F6BC249F289B00597F7F /* LaunchScreen.storyboard */ = {
			isa = PBXVariantGroup;
			children = (
				4D68F6BD249F289B00597F7F /* Base */,
			);
			name = LaunchScreen.storyboard;
			sourceTree = "<group>";
		};
/* End PBXVariantGroup section */

/* Begin XCBuildConfiguration section */
		4D68F6C0249F289B00597F7F /* Debug */ = {
			isa = XCBuildConfiguration;
			buildSettings = {
				ALWAYS_SEARCH_USER_PATHS = NO;
				CLANG_ANALYZER_NONNULL = YES;
				CLANG_ANALYZER_NUMBER_OBJECT_CONVERSION = YES_AGGRESSIVE;
				CLANG_CXX_LANGUAGE_STANDARD = "gnu++14";
				CLANG_CXX_LIBRARY = "libc++";
				CLANG_ENABLE_MODULES = YES;
				CLANG_ENABLE_OBJC_ARC = YES;
				CLANG_ENABLE_OBJC_WEAK = YES;
				CLANG_WARN_BLOCK_CAPTURE_AUTORELEASING = YES;
				CLANG_WARN_BOOL_CONVERSION = YES;
				CLANG_WARN_COMMA = YES;
				CLANG_WARN_CONSTANT_CONVERSION = YES;
				CLANG_WARN_DEPRECATED_OBJC_IMPLEMENTATIONS = YES;
				CLANG_WARN_DIRECT_OBJC_ISA_USAGE = YES_ERROR;
				CLANG_WARN_DOCUMENTATION_COMMENTS = YES;
				CLANG_WARN_EMPTY_BODY = YES;
				CLANG_WARN_ENUM_CONVERSION = YES;
				CLANG_WARN_INFINITE_RECURSION = YES;
				CLANG_WARN_INT_CONVERSION = YES;
				CLANG_WARN_NON_LITERAL_NULL_CONVERSION = YES;
				CLANG_WARN_OBJC_IMPLICIT_RETAIN_SELF = YES;
				CLANG_WARN_OBJC_LITERAL_CONVERSION = YES;
				CLANG_WARN_OBJC_ROOT_CLASS = YES_ERROR;
				CLANG_WARN_RANGE_LOOP_ANALYSIS = YES;
				CLANG_WARN_STRICT_PROTOTYPES = YES;
				CLANG_WARN_SUSPICIOUS_MOVE = YES;
				CLANG_WARN_UNGUARDED_AVAILABILITY = YES_AGGRESSIVE;
				CLANG_WARN_UNREACHABLE_CODE = YES;
				CLANG_WARN__DUPLICATE_METHOD_MATCH = YES;
				COPY_PHASE_STRIP = NO;
				DEBUG_INFORMATION_FORMAT = dwarf;
				ENABLE_STRICT_OBJC_MSGSEND = YES;
				ENABLE_TESTABILITY = YES;
				GCC_C_LANGUAGE_STANDARD = gnu11;
				GCC_DYNAMIC_NO_PIC = NO;
				GCC_NO_COMMON_BLOCKS = YES;
				GCC_OPTIMIZATION_LEVEL = 0;
				GCC_PREPROCESSOR_DEFINITIONS = (
					"DEBUG=1",
					"$(inherited)",
				);
				GCC_WARN_64_TO_32_BIT_CONVERSION = YES;
				GCC_WARN_ABOUT_RETURN_TYPE = YES_ERROR;
				GCC_WARN_UNDECLARED_SELECTOR = YES;
				GCC_WARN_UNINITIALIZED_AUTOS = YES_AGGRESSIVE;
				GCC_WARN_UNUSED_FUNCTION = YES;
				GCC_WARN_UNUSED_VARIABLE = YES;
				IPHONEOS_DEPLOYMENT_TARGET = 13.5;
				MTL_ENABLE_DEBUG_INFO = INCLUDE_SOURCE;
				MTL_FAST_MATH = YES;
				ONLY_ACTIVE_ARCH = YES;
				SDKROOT = iphoneos;
				SWIFT_ACTIVE_COMPILATION_CONDITIONS = DEBUG;
				SWIFT_OPTIMIZATION_LEVEL = "-Onone";
			};
			name = Debug;
		};
		4D68F6C1249F289B00597F7F /* Release */ = {
			isa = XCBuildConfiguration;
			buildSettings = {
				ALWAYS_SEARCH_USER_PATHS = NO;
				CLANG_ANALYZER_NONNULL = YES;
				CLANG_ANALYZER_NUMBER_OBJECT_CONVERSION = YES_AGGRESSIVE;
				CLANG_CXX_LANGUAGE_STANDARD = "gnu++14";
				CLANG_CXX_LIBRARY = "libc++";
				CLANG_ENABLE_MODULES = YES;
				CLANG_ENABLE_OBJC_ARC = YES;
				CLANG_ENABLE_OBJC_WEAK = YES;
				CLANG_WARN_BLOCK_CAPTURE_AUTORELEASING = YES;
				CLANG_WARN_BOOL_CONVERSION = YES;
				CLANG_WARN_COMMA = YES;
				CLANG_WARN_CONSTANT_CONVERSION = YES;
				CLANG_WARN_DEPRECATED_OBJC_IMPLEMENTATIONS = YES;
				CLANG_WARN_DIRECT_OBJC_ISA_USAGE = YES_ERROR;
				CLANG_WARN_DOCUMENTATION_COMMENTS = YES;
				CLANG_WARN_EMPTY_BODY = YES;
				CLANG_WARN_ENUM_CONVERSION = YES;
				CLANG_WARN_INFINITE_RECURSION = YES;
				CLANG_WARN_INT_CONVERSION = YES;
				CLANG_WARN_NON_LITERAL_NULL_CONVERSION = YES;
				CLANG_WARN_OBJC_IMPLICIT_RETAIN_SELF = YES;
				CLANG_WARN_OBJC_LITERAL_CONVERSION = YES;
				CLANG_WARN_OBJC_ROOT_CLASS = YES_ERROR;
				CLANG_WARN_RANGE_LOOP_ANALYSIS = YES;
				CLANG_WARN_STRICT_PROTOTYPES = YES;
				CLANG_WARN_SUSPICIOUS_MOVE = YES;
				CLANG_WARN_UNGUARDED_AVAILABILITY = YES_AGGRESSIVE;
				CLANG_WARN_UNREACHABLE_CODE = YES;
				CLANG_WARN__DUPLICATE_METHOD_MATCH = YES;
				COPY_PHASE_STRIP = NO;
				DEBUG_INFORMATION_FORMAT = "dwarf-with-dsym";
				ENABLE_NS_ASSERTIONS = NO;
				ENABLE_STRICT_OBJC_MSGSEND = YES;
				GCC_C_LANGUAGE_STANDARD = gnu11;
				GCC_NO_COMMON_BLOCKS = YES;
				GCC_WARN_64_TO_32_BIT_CONVERSION = YES;
				GCC_WARN_ABOUT_RETURN_TYPE = YES_ERROR;
				GCC_WARN_UNDECLARED_SELECTOR = YES;
				GCC_WARN_UNINITIALIZED_AUTOS = YES_AGGRESSIVE;
				GCC_WARN_UNUSED_FUNCTION = YES;
				GCC_WARN_UNUSED_VARIABLE = YES;
				IPHONEOS_DEPLOYMENT_TARGET = 13.5;
				MTL_ENABLE_DEBUG_INFO = NO;
				MTL_FAST_MATH = YES;
				SDKROOT = iphoneos;
				SWIFT_COMPILATION_MODE = wholemodule;
				SWIFT_OPTIMIZATION_LEVEL = "-O";
				VALIDATE_PRODUCT = YES;
			};
			name = Release;
		};
		4D68F6C3249F289B00597F7F /* Debug */ = {
			isa = XCBuildConfiguration;
			baseConfigurationReference = 93238506A97AB7C170C1E9E9 /* Pods-Covid Tracker.debug.xcconfig */;
			buildSettings = {
				ASSETCATALOG_COMPILER_APPICON_NAME = AppIcon;
				CODE_SIGN_STYLE = Automatic;
				DEVELOPMENT_ASSET_PATHS = "\"Covid Tracker/Preview Content\"";
				DEVELOPMENT_TEAM = D72BQC232M;
				ENABLE_PREVIEWS = YES;
				INFOPLIST_FILE = "Covid Tracker/Info.plist";
				LD_RUNPATH_SEARCH_PATHS = (
					"$(inherited)",
					"@executable_path/Frameworks",
				);
				PRODUCT_BUNDLE_IDENTIFIER = "com.argenisdelarosa.Covid-Tracker";
				PRODUCT_NAME = "$(TARGET_NAME)";
				SWIFT_VERSION = 5.0;
				TARGETED_DEVICE_FAMILY = "1,2";
			};
			name = Debug;
		};
		4D68F6C4249F289B00597F7F /* Release */ = {
			isa = XCBuildConfiguration;
			baseConfigurationReference = E5B60B4DEF2ED3E3C59B5D6A /* Pods-Covid Tracker.release.xcconfig */;
			buildSettings = {
				ASSETCATALOG_COMPILER_APPICON_NAME = AppIcon;
				CODE_SIGN_STYLE = Automatic;
				DEVELOPMENT_ASSET_PATHS = "\"Covid Tracker/Preview Content\"";
				DEVELOPMENT_TEAM = D72BQC232M;
				ENABLE_PREVIEWS = YES;
				INFOPLIST_FILE = "Covid Tracker/Info.plist";
				LD_RUNPATH_SEARCH_PATHS = (
					"$(inherited)",
					"@executable_path/Frameworks",
				);
				PRODUCT_BUNDLE_IDENTIFIER = "com.argenisdelarosa.Covid-Tracker";
				PRODUCT_NAME = "$(TARGET_NAME)";
				SWIFT_VERSION = 5.0;
				TARGETED_DEVICE_FAMILY = "1,2";
			};
			name = Release;
		};
/* End XCBuildConfiguration section */

/* Begin XCConfigurationList section */
		4D68F6A6249F289800597F7F /* Build configuration list for PBXProject "Covid Tracker" */ = {
			isa = XCConfigurationList;
			buildConfigurations = (
				4D68F6C0249F289B00597F7F /* Debug */,
				4D68F6C1249F289B00597F7F /* Release */,
			);
			defaultConfigurationIsVisible = 0;
			defaultConfigurationName = Release;
		};
		4D68F6C2249F289B00597F7F /* Build configuration list for PBXNativeTarget "Covid Tracker" */ = {
			isa = XCConfigurationList;
			buildConfigurations = (
				4D68F6C3249F289B00597F7F /* Debug */,
				4D68F6C4249F289B00597F7F /* Release */,
			);
			defaultConfigurationIsVisible = 0;
			defaultConfigurationName = Release;
		};
/* End XCConfigurationList section */

/* Begin XCVersionGroup section */
		4D68F6B2249F289800597F7F /* Covid_Tracker.xcdatamodeld */ = {
			isa = XCVersionGroup;
			children = (
				4D68F6B3249F289800597F7F /* Covid_Tracker.xcdatamodel */,
			);
			currentVersion = 4D68F6B3249F289800597F7F /* Covid_Tracker.xcdatamodel */;
			path = Covid_Tracker.xcdatamodeld;
			sourceTree = "<group>";
			versionGroupType = wrapper.xcdatamodel;
		};
/* End XCVersionGroup section */
	};
	rootObject = 4D68F6A3249F289800597F7F /* Project object */;
}
